
Microsoft Visual Studio Solution File, Format Version 12.00
# Visual Studio Version 17
VisualStudioVersion = 17.10.35027.167
MinimumVisualStudioVersion = 10.0.40219.1
Project("{FAE04EC0-301F-11D3-BF4B-00C04F79EFBC}") = "DataLayer", "DataLayer\DataLayer.csproj", "{EA6308B3-BF2B-483E-A370-83D56E8783A4}"
EndProject
Project("{FAE04EC0-301F-11D3-BF4B-00C04F79EFBC}") = "BusinessLogicLayer", "BusinessLogicLayer\BusinessLogicLayer.csproj", "{943FA2C3-B924-4A34-9091-42892B2A3948}"
EndProject
Project("{FAE04EC0-301F-11D3-BF4B-00C04F79EFBC}") = "ConsoleApp", "ConsoleApp\ConsoleApp.csproj", "{B1CC5AA2-1EE0-4773-8A1B-846FC291686D}"
EndProject
Global
	GlobalSection(SolutionConfigurationPlatforms) = preSolution
		Debug|Any CPU = Debug|Any CPU
		Release|Any CPU = Release|Any CPU
	EndGlobalSection
	GlobalSection(ProjectConfigurationPlatforms) = postSolution
		{EA6308B3-BF2B-483E-A370-83D56E8783A4}.Debug|Any CPU.ActiveCfg = Debug|Any CPU
		{EA6308B3-BF2B-483E-A370-83D56E8783A4}.Debug|Any CPU.Build.0 = Debug|Any CPU
		{EA6308B3-BF2B-483E-A370-83D56E8783A4}.Release|Any CPU.ActiveCfg = Release|Any CPU
		{EA6308B3-BF2B-483E-A370-83D56E8783A4}.Release|Any CPU.Build.0 = Release|Any CPU
		{943FA2C3-B924-4A34-9091-42892B2A3948}.Debug|Any CPU.ActiveCfg = Debug|Any CPU
		{943FA2C3-B924-4A34-9091-42892B2A3948}.Debug|Any CPU.Build.0 = Debug|Any CPU
		{943FA2C3-B924-4A34-9091-42892B2A3948}.Release|Any CPU.ActiveCfg = Release|Any CPU
		{943FA2C3-B924-4A34-9091-42892B2A3948}.Release|Any CPU.Build.0 = Release|Any CPU
		{B1CC5AA2-1EE0-4773-8A1B-846FC291686D}.Debug|Any CPU.ActiveCfg = Debug|Any CPU
		{B1CC5AA2-1EE0-4773-8A1B-846FC291686D}.Debug|Any CPU.Build.0 = Debug|Any CPU
		{B1CC5AA2-1EE0-4773-8A1B-846FC291686D}.Release|Any CPU.ActiveCfg = Release|Any CPU
		{B1CC5AA2-1EE0-4773-8A1B-846FC291686D}.Release|Any CPU.Build.0 = Release|Any CPU
	EndGlobalSection
	GlobalSection(SolutionProperties) = preSolution
		HideSolutionNode = FALSE
	EndGlobalSection
	GlobalSection(ExtensibilityGlobals) = postSolution
		SolutionGuid = {DC1E47DF-8DC7-4A24-ADB4-5C0944A92156}
	EndGlobalSection
EndGlobal
